// !$*UTF8*$!
{
	archiveVersion = 1;
	classes = {
	};
	objectVersion = 46;
	objects = {

/* Begin PBXAggregateTarget section */
		BB4DE38A6CA0006A883E2689 /* Qt Preprocess */ = {
			isa = PBXAggregateTarget;
			buildConfigurationList = 6CC3B5D2136C7CD6A5CF5A59 /* Build configuration list for PBXNativeTarget "meshmagick" */;
			buildPhases = (
				5E618435888B9D49F8540165 /* Qt Qmake */,
				7EF0942E79C014DCEC8976BC /* Qt Preprocessors */,
			);
			dependencies = (
			);
			name = "Qt Preprocess";
			productName = "Qt Preprocess";
		};
/* End PBXAggregateTarget section */

/* Begin PBXBuildFile section */
		0C15762778748E1A3925B311 /* MmMeshMergeToolFactory.cpp in Compile Sources */ = {isa = PBXBuildFile; fileRef = B7528012A8041A51E6C4A8D9 /* MmMeshMergeToolFactory.cpp */; settings = {ATTRIBUTES = (); }; };
		1EEA6D58EB255EA322D41F7A /* MmToolsUtils.cpp in Compile Sources */ = {isa = PBXBuildFile; fileRef = C33A092D682FCAF711DB5734 /* MmToolsUtils.cpp */; settings = {ATTRIBUTES = (); }; };
		310A8F52605414310A06B610 /* MmInfoTool.cpp in Compile Sources */ = {isa = PBXBuildFile; fileRef = 54E86E47DBC602E8F04A0E96 /* MmInfoTool.cpp */; settings = {ATTRIBUTES = (); }; };
		32256415F5826FB4DE119AA5 /* MmOptionsParser.cpp in Compile Sources */ = {isa = PBXBuildFile; fileRef = 6DE5E790B8FE22A139F55AE0 /* MmOptionsParser.cpp */; settings = {ATTRIBUTES = (); }; };
		3734F4F4A90F675E136D8D93 /* MmTool.cpp in Compile Sources */ = {isa = PBXBuildFile; fileRef = 20174F85D47F2C38047E840F /* MmTool.cpp */; settings = {ATTRIBUTES = (); }; };
		3D0B709CA6673DAC74033790 /* MmToolManager.cpp in Compile Sources */ = {isa = PBXBuildFile; fileRef = 6D85F6C8564E6993E5D330A5 /* MmToolManager.cpp */; settings = {ATTRIBUTES = (); }; };
		3D3949E8842D44709CA70525 /* MmStatefulSkeletonSerializer.cpp in Compile Sources */ = {isa = PBXBuildFile; fileRef = 774EF35BB57E516832AFA006 /* MmStatefulSkeletonSerializer.cpp */; settings = {ATTRIBUTES = (); }; };
		438194288DDF90526BF4E469 /* MmEditableBone.cpp in Compile Sources */ = {isa = PBXBuildFile; fileRef = D59143A789D326B5EA2A5391 /* MmEditableBone.cpp */; settings = {ATTRIBUTES = (); }; };
		575956C482D008492ABC094A /* MmTransformTool.cpp in Compile Sources */ = {isa = PBXBuildFile; fileRef = 17159BD01F7466AAD6FA9CB7 /* MmTransformTool.cpp */; settings = {ATTRIBUTES = (); }; };
		5CD07E6EC7A8A6267948B44E /* MmStatefulMeshSerializer.cpp in Compile Sources */ = {isa = PBXBuildFile; fileRef = 2454E926DF47B235883B6445 /* MmStatefulMeshSerializer.cpp */; settings = {ATTRIBUTES = (); }; };
		5DA35F68D2EB2412C067C9C8 /* MmEditableMesh.cpp in Compile Sources */ = {isa = PBXBuildFile; fileRef = 76E0FAD1D4B518F7350F3300 /* MmEditableMesh.cpp */; settings = {ATTRIBUTES = (); }; };
		6E71E0442F9C8C1B88562A91 /* MmMeshUtils.cpp in Compile Sources */ = {isa = PBXBuildFile; fileRef = CBA297ADCCBA23D010983ED8 /* MmMeshUtils.cpp */; settings = {ATTRIBUTES = (); }; };
		74AE1D393BA0B40A55502C49 /* MmRenameTool.cpp in Compile Sources */ = {isa = PBXBuildFile; fileRef = 0DCDAE2E083C37EFC000225A /* MmRenameTool.cpp */; settings = {ATTRIBUTES = (); }; };
		7C135277B916094DB5A2CE18 /* MmTransformToolFactory.cpp in Compile Sources */ = {isa = PBXBuildFile; fileRef = 27FFB866D60593B894B8DD33 /* MmTransformToolFactory.cpp */; settings = {ATTRIBUTES = (); }; };
		9614EA409F51E1605AB36CBB /* MmMeshMergeTool.cpp in Compile Sources */ = {isa = PBXBuildFile; fileRef = 16B0DB6FA2944665D6C23371 /* MmMeshMergeTool.cpp */; settings = {ATTRIBUTES = (); }; };
		A18CC81AB977E4C85699A538 /* MmInfoToolFactory.cpp in Compile Sources */ = {isa = PBXBuildFile; fileRef = B308069B7B91DA1AAA98A1A4 /* MmInfoToolFactory.cpp */; settings = {ATTRIBUTES = (); }; };
		A5A41C410BADE6FE515E3ABF /* MmRenameToolFactory.cpp in Compile Sources */ = {isa = PBXBuildFile; fileRef = AE0E979509498ABD85174F57 /* MmRenameToolFactory.cpp */; settings = {ATTRIBUTES = (); }; };
		DEBCD77F4C87763DEA7C0CA8 /* MmOptimiseToolFactory.cpp in Compile Sources */ = {isa = PBXBuildFile; fileRef = 36B2C1EB83ED4A5929E368BC /* MmOptimiseToolFactory.cpp */; settings = {ATTRIBUTES = (); }; };
		E4860943451872F1204B9EE4 /* MmEditableSkeleton.cpp in Compile Sources */ = {isa = PBXBuildFile; fileRef = 8F5B8FE0AB4185E61A94EED1 /* MmEditableSkeleton.cpp */; settings = {ATTRIBUTES = (); }; };
		EAF79764454CD524EF428F4C /* MmOptimiseTool.cpp in Compile Sources */ = {isa = PBXBuildFile; fileRef = ED308649FA5D6F490DB3B361 /* MmOptimiseTool.cpp */; settings = {ATTRIBUTES = (); }; };
		F1F86635232A54473BA16B9A /* MeshMagick.cpp in Compile Sources */ = {isa = PBXBuildFile; fileRef = E2B2CCE4199E0428EF86D08F /* MeshMagick.cpp */; settings = {ATTRIBUTES = (); }; };
		FF9C1712F6E9E2847B6C5CF5 /* MmOgreEnvironment.cpp in Compile Sources */ = {isa = PBXBuildFile; fileRef = D2F1B0D58D53A6975EC61DFD /* MmOgreEnvironment.cpp */; settings = {ATTRIBUTES = (); }; };
/* End PBXBuildFile section */

/* Begin PBXContainerItemProxy section */
		CDA46C171ACDC1DD00463E1D /* PBXContainerItemProxy */ = {
			isa = PBXContainerItemProxy;
			containerPortal = 6DB9C3763D02B1415CD9D565 /* Project object */;
			proxyType = 1;
			remoteGlobalIDString = BB4DE38A6CA0006A883E2689;
			remoteInfo = "Qt Preprocess";
		};
/* End PBXContainerItemProxy section */

/* Begin PBXFileReference section */
		0B336A1D639B9EA838BA963D /* MmOptionsParser.h */ = {isa = PBXFileReference; lastKnownFileType = sourcecode.c.h; name = MmOptionsParser.h; path = /Users/patrick/Documents/projects/AISandbox/libmeshmagick/include/MmOptionsParser.h; sourceTree = "<absolute>"; };
		0DCDAE2E083C37EFC000225A /* MmRenameTool.cpp */ = {isa = PBXFileReference; lastKnownFileType = sourcecode.cpp.cpp; name = MmRenameTool.cpp; path = /Users/patrick/Documents/projects/AISandbox/libmeshmagick/src/MmRenameTool.cpp; sourceTree = "<absolute>"; };
		13C680053B5E80ED0A4B0C7D /* .qmake.stash */ = {isa = PBXFileReference; lastKnownFileType = text; name = .qmake.stash; path = /Users/patrick/Documents/projects/AISandbox/.qmake.stash; sourceTree = "<absolute>"; };
		151551A277EAE9B40D204197 /* MeshMagickPrerequisites.h */ = {isa = PBXFileReference; lastKnownFileType = sourcecode.c.h; name = MeshMagickPrerequisites.h; path = /Users/patrick/Documents/projects/AISandbox/libmeshmagick/include/MeshMagickPrerequisites.h; sourceTree = "<absolute>"; };
		16B0DB6FA2944665D6C23371 /* MmMeshMergeTool.cpp */ = {isa = PBXFileReference; lastKnownFileType = sourcecode.cpp.cpp; name = MmMeshMergeTool.cpp; path = /Users/patrick/Documents/projects/AISandbox/libmeshmagick/src/MmMeshMergeTool.cpp; sourceTree = "<absolute>"; };
		17159BD01F7466AAD6FA9CB7 /* MmTransformTool.cpp */ = {isa = PBXFileReference; lastKnownFileType = sourcecode.cpp.cpp; name = MmTransformTool.cpp; path = /Users/patrick/Documents/projects/AISandbox/libmeshmagick/src/MmTransformTool.cpp; sourceTree = "<absolute>"; };
		20174F85D47F2C38047E840F /* MmTool.cpp */ = {isa = PBXFileReference; lastKnownFileType = sourcecode.cpp.cpp; name = MmTool.cpp; path = /Users/patrick/Documents/projects/AISandbox/libmeshmagick/src/MmTool.cpp; sourceTree = "<absolute>"; };
		21830F69785FB2CFF9B386F2 /* MmStatefulMeshSerializer.h */ = {isa = PBXFileReference; lastKnownFileType = sourcecode.c.h; name = MmStatefulMeshSerializer.h; path = /Users/patrick/Documents/projects/AISandbox/libmeshmagick/include/MmStatefulMeshSerializer.h; sourceTree = "<absolute>"; };
		21DCECCE6FFF8EF941A58F0A /* MmEditableMesh.h */ = {isa = PBXFileReference; lastKnownFileType = sourcecode.c.h; name = MmEditableMesh.h; path = /Users/patrick/Documents/projects/AISandbox/libmeshmagick/include/MmEditableMesh.h; sourceTree = "<absolute>"; };
		232795AD90D88DCED91ED54F /* MmEditableBone.h */ = {isa = PBXFileReference; lastKnownFileType = sourcecode.c.h; name = MmEditableBone.h; path = /Users/patrick/Documents/projects/AISandbox/libmeshmagick/include/MmEditableBone.h; sourceTree = "<absolute>"; };
		2454E926DF47B235883B6445 /* MmStatefulMeshSerializer.cpp */ = {isa = PBXFileReference; lastKnownFileType = sourcecode.cpp.cpp; name = MmStatefulMeshSerializer.cpp; path = /Users/patrick/Documents/projects/AISandbox/libmeshmagick/src/MmStatefulMeshSerializer.cpp; sourceTree = "<absolute>"; };
		24DF5509ECB0F8D9F6F8345A /* MeshMagick.h */ = {isa = PBXFileReference; lastKnownFileType = sourcecode.c.h; name = MeshMagick.h; path = /Users/patrick/Documents/projects/AISandbox/libmeshmagick/include/MeshMagick.h; sourceTree = "<absolute>"; };
		27FFB866D60593B894B8DD33 /* MmTransformToolFactory.cpp */ = {isa = PBXFileReference; lastKnownFileType = sourcecode.cpp.cpp; name = MmTransformToolFactory.cpp; path = /Users/patrick/Documents/projects/AISandbox/libmeshmagick/src/MmTransformToolFactory.cpp; sourceTree = "<absolute>"; };
		36B2C1EB83ED4A5929E368BC /* MmOptimiseToolFactory.cpp */ = {isa = PBXFileReference; lastKnownFileType = sourcecode.cpp.cpp; name = MmOptimiseToolFactory.cpp; path = /Users/patrick/Documents/projects/AISandbox/libmeshmagick/src/MmOptimiseToolFactory.cpp; sourceTree = "<absolute>"; };
		3A071D3D3619D7BA68C85331 /* MmToolFactory.h */ = {isa = PBXFileReference; lastKnownFileType = sourcecode.c.h; name = MmToolFactory.h; path = /Users/patrick/Documents/projects/AISandbox/libmeshmagick/include/MmToolFactory.h; sourceTree = "<absolute>"; };
		412245EDF03C238F18ED7869 /* MmInfoToolFactory.h */ = {isa = PBXFileReference; lastKnownFileType = sourcecode.c.h; name = MmInfoToolFactory.h; path = /Users/patrick/Documents/projects/AISandbox/libmeshmagick/include/MmInfoToolFactory.h; sourceTree = "<absolute>"; };
		45370C190375F5D6F244AD4B /* MmMeshUtils.h */ = {isa = PBXFileReference; lastKnownFileType = sourcecode.c.h; name = MmMeshUtils.h; path = /Users/patrick/Documents/projects/AISandbox/libmeshmagick/include/MmMeshUtils.h; sourceTree = "<absolute>"; };
		50E3AA39FD35456EFE9F3A39 /* MmToolUtils.h */ = {isa = PBXFileReference; lastKnownFileType = sourcecode.c.h; name = MmToolUtils.h; path = /Users/patrick/Documents/projects/AISandbox/libmeshmagick/include/MmToolUtils.h; sourceTree = "<absolute>"; };
		54E86E47DBC602E8F04A0E96 /* MmInfoTool.cpp */ = {isa = PBXFileReference; lastKnownFileType = sourcecode.cpp.cpp; name = MmInfoTool.cpp; path = /Users/patrick/Documents/projects/AISandbox/libmeshmagick/src/MmInfoTool.cpp; sourceTree = "<absolute>"; };
		56CBA3A15592F627F2AED308 /* MmStatefulSkeletonSerializer.h */ = {isa = PBXFileReference; lastKnownFileType = sourcecode.c.h; name = MmStatefulSkeletonSerializer.h; path = /Users/patrick/Documents/projects/AISandbox/libmeshmagick/include/MmStatefulSkeletonSerializer.h; sourceTree = "<absolute>"; };
		56E925AFF57E74302E50E64F /* MmEditableSkeleton.h */ = {isa = PBXFileReference; lastKnownFileType = sourcecode.c.h; name = MmEditableSkeleton.h; path = /Users/patrick/Documents/projects/AISandbox/libmeshmagick/include/MmEditableSkeleton.h; sourceTree = "<absolute>"; };
		6D85F6C8564E6993E5D330A5 /* MmToolManager.cpp */ = {isa = PBXFileReference; lastKnownFileType = sourcecode.cpp.cpp; name = MmToolManager.cpp; path = /Users/patrick/Documents/projects/AISandbox/libmeshmagick/src/MmToolManager.cpp; sourceTree = "<absolute>"; };
		6DE5E790B8FE22A139F55AE0 /* MmOptionsParser.cpp */ = {isa = PBXFileReference; lastKnownFileType = sourcecode.cpp.cpp; name = MmOptionsParser.cpp; path = /Users/patrick/Documents/projects/AISandbox/libmeshmagick/src/MmOptionsParser.cpp; sourceTree = "<absolute>"; };
		713F60185C47B0B3B45C1F44 /* MmRenameTool.h */ = {isa = PBXFileReference; lastKnownFileType = sourcecode.c.h; name = MmRenameTool.h; path = /Users/patrick/Documents/projects/AISandbox/libmeshmagick/include/MmRenameTool.h; sourceTree = "<absolute>"; };
		76E0FAD1D4B518F7350F3300 /* MmEditableMesh.cpp */ = {isa = PBXFileReference; lastKnownFileType = sourcecode.cpp.cpp; name = MmEditableMesh.cpp; path = /Users/patrick/Documents/projects/AISandbox/libmeshmagick/src/MmEditableMesh.cpp; sourceTree = "<absolute>"; };
		774EF35BB57E516832AFA006 /* MmStatefulSkeletonSerializer.cpp */ = {isa = PBXFileReference; lastKnownFileType = sourcecode.cpp.cpp; name = MmStatefulSkeletonSerializer.cpp; path = /Users/patrick/Documents/projects/AISandbox/libmeshmagick/src/MmStatefulSkeletonSerializer.cpp; sourceTree = "<absolute>"; };
		8F5B8FE0AB4185E61A94EED1 /* MmEditableSkeleton.cpp */ = {isa = PBXFileReference; lastKnownFileType = sourcecode.cpp.cpp; name = MmEditableSkeleton.cpp; path = /Users/patrick/Documents/projects/AISandbox/libmeshmagick/src/MmEditableSkeleton.cpp; sourceTree = "<absolute>"; };
		9625B7F597C9BEC1B222F7F1 /* MmRenameToolFactory.h */ = {isa = PBXFileReference; lastKnownFileType = sourcecode.c.h; name = MmRenameToolFactory.h; path = /Users/patrick/Documents/projects/AISandbox/libmeshmagick/include/MmRenameToolFactory.h; sourceTree = "<absolute>"; };
		9869A9BC7E0624C5E2A5C146 /* MmMeshMergeTool.h */ = {isa = PBXFileReference; lastKnownFileType = sourcecode.c.h; name = MmMeshMergeTool.h; path = /Users/patrick/Documents/projects/AISandbox/libmeshmagick/include/MmMeshMergeTool.h; sourceTree = "<absolute>"; };
		986AA54606F39EA1936583FB /* MmTool.h */ = {isa = PBXFileReference; lastKnownFileType = sourcecode.c.h; name = MmTool.h; path = /Users/patrick/Documents/projects/AISandbox/libmeshmagick/include/MmTool.h; sourceTree = "<absolute>"; };
		A81DF9FF203BBE7ADB773EC6 /* MmTransformToolFactory.h */ = {isa = PBXFileReference; lastKnownFileType = sourcecode.c.h; name = MmTransformToolFactory.h; path = /Users/patrick/Documents/projects/AISandbox/libmeshmagick/include/MmTransformToolFactory.h; sourceTree = "<absolute>"; };
		AE0E979509498ABD85174F57 /* MmRenameToolFactory.cpp */ = {isa = PBXFileReference; lastKnownFileType = sourcecode.cpp.cpp; name = MmRenameToolFactory.cpp; path = /Users/patrick/Documents/projects/AISandbox/libmeshmagick/src/MmRenameToolFactory.cpp; sourceTree = "<absolute>"; };
		AFC6B97F482DD064BEEC1AA5 /* libmeshmagick.a */ = {isa = PBXFileReference; explicitFileType = archive.ar; includeInIndex = 0; path = libmeshmagick.a; sourceTree = BUILT_PRODUCTS_DIR; };
		B308069B7B91DA1AAA98A1A4 /* MmInfoToolFactory.cpp */ = {isa = PBXFileReference; lastKnownFileType = sourcecode.cpp.cpp; name = MmInfoToolFactory.cpp; path = /Users/patrick/Documents/projects/AISandbox/libmeshmagick/src/MmInfoToolFactory.cpp; sourceTree = "<absolute>"; };
		B7528012A8041A51E6C4A8D9 /* MmMeshMergeToolFactory.cpp */ = {isa = PBXFileReference; lastKnownFileType = sourcecode.cpp.cpp; name = MmMeshMergeToolFactory.cpp; path = /Users/patrick/Documents/projects/AISandbox/libmeshmagick/src/MmMeshMergeToolFactory.cpp; sourceTree = "<absolute>"; };
		BBEFA68687581463E589B1FD /* MmMeshMergeToolFactory.h */ = {isa = PBXFileReference; lastKnownFileType = sourcecode.c.h; name = MmMeshMergeToolFactory.h; path = /Users/patrick/Documents/projects/AISandbox/libmeshmagick/include/MmMeshMergeToolFactory.h; sourceTree = "<absolute>"; };
		C33A092D682FCAF711DB5734 /* MmToolsUtils.cpp */ = {isa = PBXFileReference; lastKnownFileType = sourcecode.cpp.cpp; name = MmToolsUtils.cpp; path = /Users/patrick/Documents/projects/AISandbox/libmeshmagick/src/MmToolsUtils.cpp; sourceTree = "<absolute>"; };
		C95D30DDE3609AA83339365D /* MmTransformTool.h */ = {isa = PBXFileReference; lastKnownFileType = sourcecode.c.h; name = MmTransformTool.h; path = /Users/patrick/Documents/projects/AISandbox/libmeshmagick/include/MmTransformTool.h; sourceTree = "<absolute>"; };
		CBA297ADCCBA23D010983ED8 /* MmMeshUtils.cpp */ = {isa = PBXFileReference; lastKnownFileType = sourcecode.cpp.cpp; name = MmMeshUtils.cpp; path = /Users/patrick/Documents/projects/AISandbox/libmeshmagick/src/MmMeshUtils.cpp; sourceTree = "<absolute>"; };
		CD9D4B2F3A0B4E0D5D0D5815 /* libmeshmagick.pro */ = {isa = PBXFileReference; lastKnownFileType = text; name = libmeshmagick.pro; path = /Users/patrick/Documents/projects/AISandbox/libmeshmagick/libmeshmagick.pro; sourceTree = "<absolute>"; };
		D04EB4CC1A848587A8818AD9 /* MmOgreEnvironment.h */ = {isa = PBXFileReference; lastKnownFileType = sourcecode.c.h; name = MmOgreEnvironment.h; path = /Users/patrick/Documents/projects/AISandbox/libmeshmagick/include/MmOgreEnvironment.h; sourceTree = "<absolute>"; };
		D2F1B0D58D53A6975EC61DFD /* MmOgreEnvironment.cpp */ = {isa = PBXFileReference; lastKnownFileType = sourcecode.cpp.cpp; name = MmOgreEnvironment.cpp; path = /Users/patrick/Documents/projects/AISandbox/libmeshmagick/src/MmOgreEnvironment.cpp; sourceTree = "<absolute>"; };
		D59143A789D326B5EA2A5391 /* MmEditableBone.cpp */ = {isa = PBXFileReference; lastKnownFileType = sourcecode.cpp.cpp; name = MmEditableBone.cpp; path = /Users/patrick/Documents/projects/AISandbox/libmeshmagick/src/MmEditableBone.cpp; sourceTree = "<absolute>"; };
		E129F7493EB729EA201566D6 /* MmToolManager.h */ = {isa = PBXFileReference; lastKnownFileType = sourcecode.c.h; name = MmToolManager.h; path = /Users/patrick/Documents/projects/AISandbox/libmeshmagick/include/MmToolManager.h; sourceTree = "<absolute>"; };
		E2B2CCE4199E0428EF86D08F /* MeshMagick.cpp */ = {isa = PBXFileReference; lastKnownFileType = sourcecode.cpp.cpp; name = MeshMagick.cpp; path = /Users/patrick/Documents/projects/AISandbox/libmeshmagick/src/MeshMagick.cpp; sourceTree = "<absolute>"; };
		E7C636FAE047DE7CCA400AFB /* MmOptimiseTool.h */ = {isa = PBXFileReference; lastKnownFileType = sourcecode.c.h; name = MmOptimiseTool.h; path = /Users/patrick/Documents/projects/AISandbox/libmeshmagick/include/MmOptimiseTool.h; sourceTree = "<absolute>"; };
		EB5127C959CA01CCA753FF51 /* MmOptimiseToolFactory.h */ = {isa = PBXFileReference; lastKnownFileType = sourcecode.c.h; name = MmOptimiseToolFactory.h; path = /Users/patrick/Documents/projects/AISandbox/libmeshmagick/include/MmOptimiseToolFactory.h; sourceTree = "<absolute>"; };
		ED308649FA5D6F490DB3B361 /* MmOptimiseTool.cpp */ = {isa = PBXFileReference; lastKnownFileType = sourcecode.cpp.cpp; name = MmOptimiseTool.cpp; path = /Users/patrick/Documents/projects/AISandbox/libmeshmagick/src/MmOptimiseTool.cpp; sourceTree = "<absolute>"; };
		F645F9AEECEA84CE2E1F5DB6 /* linkOgreSDK.pri */ = {isa = PBXFileReference; lastKnownFileType = text; name = linkOgreSDK.pri; path = /Users/patrick/Documents/projects/AISandbox/linkOgreSDK.pri; sourceTree = "<absolute>"; };
		FCFAF7F85F9A38BB3B996354 /* MmInfoTool.h */ = {isa = PBXFileReference; lastKnownFileType = sourcecode.c.h; name = MmInfoTool.h; path = /Users/patrick/Documents/projects/AISandbox/libmeshmagick/include/MmInfoTool.h; sourceTree = "<absolute>"; };
/* End PBXFileReference section */

/* Begin PBXFrameworksBuildPhase section */
		D1C883685E82D5676953459A /* Link Binary With Libraries */ = {
			isa = PBXFrameworksBuildPhase;
			buildActionMask = 2147483647;
			files = (
			);
			name = "Link Binary With Libraries";
			runOnlyForDeploymentPostprocessing = 0;
		};
/* End PBXFrameworksBuildPhase section */

/* Begin PBXGroup section */
		10C0E51435348D4CF4483294 /* include */ = {
			isa = PBXGroup;
			children = (
				24DF5509ECB0F8D9F6F8345A /* MeshMagick.h */,
				151551A277EAE9B40D204197 /* MeshMagickPrerequisites.h */,
				232795AD90D88DCED91ED54F /* MmEditableBone.h */,
				21DCECCE6FFF8EF941A58F0A /* MmEditableMesh.h */,
				56E925AFF57E74302E50E64F /* MmEditableSkeleton.h */,
				FCFAF7F85F9A38BB3B996354 /* MmInfoTool.h */,
				412245EDF03C238F18ED7869 /* MmInfoToolFactory.h */,
				9869A9BC7E0624C5E2A5C146 /* MmMeshMergeTool.h */,
				BBEFA68687581463E589B1FD /* MmMeshMergeToolFactory.h */,
				45370C190375F5D6F244AD4B /* MmMeshUtils.h */,
				D04EB4CC1A848587A8818AD9 /* MmOgreEnvironment.h */,
				E7C636FAE047DE7CCA400AFB /* MmOptimiseTool.h */,
				EB5127C959CA01CCA753FF51 /* MmOptimiseToolFactory.h */,
				0B336A1D639B9EA838BA963D /* MmOptionsParser.h */,
				713F60185C47B0B3B45C1F44 /* MmRenameTool.h */,
				9625B7F597C9BEC1B222F7F1 /* MmRenameToolFactory.h */,
				21830F69785FB2CFF9B386F2 /* MmStatefulMeshSerializer.h */,
				56CBA3A15592F627F2AED308 /* MmStatefulSkeletonSerializer.h */,
				986AA54606F39EA1936583FB /* MmTool.h */,
				3A071D3D3619D7BA68C85331 /* MmToolFactory.h */,
				E129F7493EB729EA201566D6 /* MmToolManager.h */,
				50E3AA39FD35456EFE9F3A39 /* MmToolUtils.h */,
				C95D30DDE3609AA83339365D /* MmTransformTool.h */,
				A81DF9FF203BBE7ADB773EC6 /* MmTransformToolFactory.h */,
			);
			name = include;
			sourceTree = "<Group>";
		};
		2EB56BE3C2D93CDAB0C52E67 /* Sources */ = {
			isa = PBXGroup;
			children = (
				921315FAA7F261D737F4F4C7 /* src */,
				10C0E51435348D4CF4483294 /* include */,
			);
			name = Sources;
			sourceTree = "<Group>";
		};
		74B182DB50CB5611B5C1C297 /* Supporting Files */ = {
			isa = PBXGroup;
			children = (
				CD9D4B2F3A0B4E0D5D0D5815 /* libmeshmagick.pro */,
				13C680053B5E80ED0A4B0C7D /* .qmake.stash */,
				F645F9AEECEA84CE2E1F5DB6 /* linkOgreSDK.pri */,
			);
			name = "Supporting Files";
			sourceTree = "<Group>";
		};
		921315FAA7F261D737F4F4C7 /* src */ = {
			isa = PBXGroup;
			children = (
				E2B2CCE4199E0428EF86D08F /* MeshMagick.cpp */,
				D59143A789D326B5EA2A5391 /* MmEditableBone.cpp */,
				76E0FAD1D4B518F7350F3300 /* MmEditableMesh.cpp */,
				8F5B8FE0AB4185E61A94EED1 /* MmEditableSkeleton.cpp */,
				54E86E47DBC602E8F04A0E96 /* MmInfoTool.cpp */,
				B308069B7B91DA1AAA98A1A4 /* MmInfoToolFactory.cpp */,
				16B0DB6FA2944665D6C23371 /* MmMeshMergeTool.cpp */,
				B7528012A8041A51E6C4A8D9 /* MmMeshMergeToolFactory.cpp */,
				CBA297ADCCBA23D010983ED8 /* MmMeshUtils.cpp */,
				D2F1B0D58D53A6975EC61DFD /* MmOgreEnvironment.cpp */,
				ED308649FA5D6F490DB3B361 /* MmOptimiseTool.cpp */,
				36B2C1EB83ED4A5929E368BC /* MmOptimiseToolFactory.cpp */,
				6DE5E790B8FE22A139F55AE0 /* MmOptionsParser.cpp */,
				0DCDAE2E083C37EFC000225A /* MmRenameTool.cpp */,
				AE0E979509498ABD85174F57 /* MmRenameToolFactory.cpp */,
				2454E926DF47B235883B6445 /* MmStatefulMeshSerializer.cpp */,
				774EF35BB57E516832AFA006 /* MmStatefulSkeletonSerializer.cpp */,
				20174F85D47F2C38047E840F /* MmTool.cpp */,
				6D85F6C8564E6993E5D330A5 /* MmToolManager.cpp */,
				C33A092D682FCAF711DB5734 /* MmToolsUtils.cpp */,
				17159BD01F7466AAD6FA9CB7 /* MmTransformTool.cpp */,
				27FFB866D60593B894B8DD33 /* MmTransformToolFactory.cpp */,
			);
			name = src;
			sourceTree = "<Group>";
		};
		E8C543AB96796ECAA2E65C57 /* meshmagick */ = {
			isa = PBXGroup;
			children = (
				2EB56BE3C2D93CDAB0C52E67 /* Sources */,
				74B182DB50CB5611B5C1C297 /* Supporting Files */,
				FE0A091FDBFB3E9C31B7A1BD /* Products */,
			);
			name = meshmagick;
			sourceTree = "<Group>";
		};
		FE0A091FDBFB3E9C31B7A1BD /* Products */ = {
			isa = PBXGroup;
			children = (
				AFC6B97F482DD064BEEC1AA5 /* libmeshmagick.a */,
			);
			name = Products;
			sourceTree = "<Group>";
		};
/* End PBXGroup section */

/* Begin PBXNativeTarget section */
		826A6BEAD3FF01773BF4D96D /* meshmagick */ = {
			isa = PBXNativeTarget;
			buildConfigurationList = 6CC3B5D2136C7CD6A5CF5A59 /* Build configuration list for PBXNativeTarget "meshmagick" */;
			buildPhases = (
				F7E50F631C51CD5B5DC0BC43 /* Compile Sources */,
				D1C883685E82D5676953459A /* Link Binary With Libraries */,
			);
			buildRules = (
			);
			dependencies = (
				E21850FE0CC7A30652449A9B /* PBXTargetDependency */,
			);
			name = meshmagick;
			productName = meshmagick;
			productReference = AFC6B97F482DD064BEEC1AA5 /* libmeshmagick.a */;
			productType = "com.apple.product-type.library.static";
		};
/* End PBXNativeTarget section */

/* Begin PBXProject section */
		6DB9C3763D02B1415CD9D565 /* Project object */ = {
			isa = PBXProject;
			attributes = {
			};
			buildConfigurationList = DAC4C1AA5EDEA1C85E9CA5E6 /* Build configuration list for PBXProject "meshmagick" */;
			compatibilityVersion = "Xcode 3.2";
			developmentRegion = English;
			hasScannedForEncodings = 1;
			knownRegions = (
				en,
			);
			mainGroup = E8C543AB96796ECAA2E65C57 /* meshmagick */;
			productRefGroup = FE0A091FDBFB3E9C31B7A1BD /* Products */;
			projectDirPath = "";
			projectRoot = "";
			targets = (
				826A6BEAD3FF01773BF4D96D /* meshmagick */,
				BB4DE38A6CA0006A883E2689 /* Qt Preprocess */,
			);
		};
/* End PBXProject section */

/* Begin PBXShellScriptBuildPhase section */
		5E618435888B9D49F8540165 /* Qt Qmake */ = {
			isa = PBXShellScriptBuildPhase;
			buildActionMask = 2147483647;
			files = (
			);
			name = "Qt Qmake";
			runOnlyForDeploymentPostprocessing = 0;
			shellPath = /bin/sh;
			shellScript = "make -C /Users/patrick/Documents/projects/AISandbox/libmeshmagick -f meshmagick.xcodeproj/qt_makeqmake.mak";
		};
		7EF0942E79C014DCEC8976BC /* Qt Preprocessors */ = {
			isa = PBXShellScriptBuildPhase;
			buildActionMask = 2147483647;
			files = (
			);
			name = "Qt Preprocessors";
			runOnlyForDeploymentPostprocessing = 0;
			shellPath = /bin/sh;
			shellScript = "make -C /Users/patrick/Documents/projects/AISandbox/libmeshmagick -f meshmagick.xcodeproj/qt_preprocess.mak";
		};
/* End PBXShellScriptBuildPhase section */

/* Begin PBXSourcesBuildPhase section */
		F7E50F631C51CD5B5DC0BC43 /* Compile Sources */ = {
			isa = PBXSourcesBuildPhase;
			buildActionMask = 2147483647;
			files = (
				F1F86635232A54473BA16B9A /* MeshMagick.cpp in Compile Sources */,
				438194288DDF90526BF4E469 /* MmEditableBone.cpp in Compile Sources */,
				5DA35F68D2EB2412C067C9C8 /* MmEditableMesh.cpp in Compile Sources */,
				E4860943451872F1204B9EE4 /* MmEditableSkeleton.cpp in Compile Sources */,
				310A8F52605414310A06B610 /* MmInfoTool.cpp in Compile Sources */,
				A18CC81AB977E4C85699A538 /* MmInfoToolFactory.cpp in Compile Sources */,
				9614EA409F51E1605AB36CBB /* MmMeshMergeTool.cpp in Compile Sources */,
				0C15762778748E1A3925B311 /* MmMeshMergeToolFactory.cpp in Compile Sources */,
				6E71E0442F9C8C1B88562A91 /* MmMeshUtils.cpp in Compile Sources */,
				FF9C1712F6E9E2847B6C5CF5 /* MmOgreEnvironment.cpp in Compile Sources */,
				EAF79764454CD524EF428F4C /* MmOptimiseTool.cpp in Compile Sources */,
				DEBCD77F4C87763DEA7C0CA8 /* MmOptimiseToolFactory.cpp in Compile Sources */,
				32256415F5826FB4DE119AA5 /* MmOptionsParser.cpp in Compile Sources */,
				74AE1D393BA0B40A55502C49 /* MmRenameTool.cpp in Compile Sources */,
				A5A41C410BADE6FE515E3ABF /* MmRenameToolFactory.cpp in Compile Sources */,
				5CD07E6EC7A8A6267948B44E /* MmStatefulMeshSerializer.cpp in Compile Sources */,
				3D3949E8842D44709CA70525 /* MmStatefulSkeletonSerializer.cpp in Compile Sources */,
				3734F4F4A90F675E136D8D93 /* MmTool.cpp in Compile Sources */,
				3D0B709CA6673DAC74033790 /* MmToolManager.cpp in Compile Sources */,
				1EEA6D58EB255EA322D41F7A /* MmToolsUtils.cpp in Compile Sources */,
				575956C482D008492ABC094A /* MmTransformTool.cpp in Compile Sources */,
				7C135277B916094DB5A2CE18 /* MmTransformToolFactory.cpp in Compile Sources */,
			);
			name = "Compile Sources";
			runOnlyForDeploymentPostprocessing = 0;
		};
/* End PBXSourcesBuildPhase section */

/* Begin PBXTargetDependency section */
		E21850FE0CC7A30652449A9B /* PBXTargetDependency */ = {
			isa = PBXTargetDependency;
			target = BB4DE38A6CA0006A883E2689 /* Qt Preprocess */;
			targetProxy = CDA46C171ACDC1DD00463E1D /* PBXContainerItemProxy */;
		};
/* End PBXTargetDependency section */

/* Begin XCBuildConfiguration section */
		339EE1B2CC4FC24589A0EA95 /* Release */ = {
			isa = XCBuildConfiguration;
			buildSettings = {
				ARCHS = x86_64;
				CC = /Applications/Xcode.app/Contents/Developer/Toolchains/XcodeDefault.xctoolchain/usr/bin/clang;
				COPY_PHASE_STRIP = YES;
				DYLIB_COMPATIBILITY_VERSION = 1.0;
				DYLIB_CURRENT_VERSION = 1.0.0;
				FRAMEWORK_SEARCH_PATHS = "";
				GCC_GENERATE_DEBUGGING_SYMBOLS = NO;
				GCC_VERSION = com.apple.compilers.llvm.clang.1_0;
				HEADER_SEARCH_PATHS = (
					.,
					include,
					../../../OgreSDK/include/OGRE,
					../../../OgreSDK/include/OGRE/RenderSystems/GL,
					../../../OgreSDK/boost,
					"../../../../Qt5/5.4/clang_64/mkspecs/macx-clang",
				);
				INSTALL_PATH = "";
				LDPLUSPLUS = "/Applications/Xcode.app/Contents/Developer/Toolchains/XcodeDefault.xctoolchain/usr/bin/clang++";
				LIBRARY_SEARCH_PATHS = "";
				MACOSX_DEPLOYMENT_TARGET = 10.7;
				OTHER_CFLAGS = (
					"-pipe",
					"-O2",
					"-fPIC",
					"-Wall",
					"-W",
					"-DMESHMAGICK_STATIC",
					"-DQT_NO_DEBUG",
				);
				OTHER_CPLUSPLUSFLAGS = (
					"-pipe",
					"-O2",
					"-fPIC",
					"-Wall",
					"-W",
					"-DMESHMAGICK_STATIC",
					"-DQT_NO_DEBUG",
				);
				PRODUCT_NAME = meshmagick;
				QT_LIBRARY_SUFFIX = "";
				SDKROOT = macosx;
				SYMROOT = /Users/patrick/Documents/projects/AISandbox/libmeshmagick;
			};
			name = Release;
		};
		3AA6C32AC930069E80220CF1 /* Debug */ = {
			isa = XCBuildConfiguration;
			buildSettings = {
				ARCHS = x86_64;
				CC = /Applications/Xcode.app/Contents/Developer/Toolchains/XcodeDefault.xctoolchain/usr/bin/clang;
				COPY_PHASE_STRIP = NO;
				DYLIB_COMPATIBILITY_VERSION = 1.0;
				DYLIB_CURRENT_VERSION = 1.0.0;
				FRAMEWORK_SEARCH_PATHS = "";
				GCC_GENERATE_DEBUGGING_SYMBOLS = YES;
				GCC_OPTIMIZATION_LEVEL = 0;
				GCC_VERSION = com.apple.compilers.llvm.clang.1_0;
				HEADER_SEARCH_PATHS = (
					.,
					include,
					../../../OgreSDK/include/OGRE,
					../../../OgreSDK/include/OGRE/RenderSystems/GL,
					../../../OgreSDK/boost,
					"../../../../Qt5/5.4/clang_64/mkspecs/macx-clang",
				);
				INSTALL_PATH = "";
				LDPLUSPLUS = "/Applications/Xcode.app/Contents/Developer/Toolchains/XcodeDefault.xctoolchain/usr/bin/clang++";
				LIBRARY_SEARCH_PATHS = "";
				MACOSX_DEPLOYMENT_TARGET = 10.7;
				OTHER_CFLAGS = (
					"-pipe",
					"-O2",
					"-fPIC",
					"-Wall",
					"-W",
					"-DMESHMAGICK_STATIC",
					"-DQT_NO_DEBUG",
				);
				OTHER_CPLUSPLUSFLAGS = (
					"-pipe",
					"-O2",
					"-fPIC",
					"-Wall",
					"-W",
					"-DMESHMAGICK_STATIC",
					"-DQT_NO_DEBUG",
				);
				PRODUCT_NAME = meshmagick;
				QT_LIBRARY_SUFFIX = _debug;
				SDKROOT = macosx;
				SYMROOT = /Users/patrick/Documents/projects/AISandbox/libmeshmagick;
			};
			name = Debug;
		};
		6666AA5E688052234F6758D8 /* Release */ = {
			isa = XCBuildConfiguration;
			buildSettings = {
				COPY_PHASE_STRIP = YES;
				GCC_GENERATE_DEBUGGING_SYMBOLS = NO;
				LIBRARY_STYLE = STATIC;
				PRODUCT_NAME = meshmagick;
				QT_LIBRARY_SUFFIX = "";
				SDKROOT = macosx;
			};
			name = Release;
		};
		77418F46922677BB04ED38DD /* Debug */ = {
			isa = XCBuildConfiguration;
			buildSettings = {
				COPY_PHASE_STRIP = NO;
				GCC_GENERATE_DEBUGGING_SYMBOLS = YES;
				GCC_OPTIMIZATION_LEVEL = 0;
				LIBRARY_STYLE = STATIC;
				PRODUCT_NAME = meshmagick;
				QT_LIBRARY_SUFFIX = _debug;
				SDKROOT = macosx;
			};
			name = Debug;
		};
/* End XCBuildConfiguration section */

/* Begin XCConfigurationList section */
		6CC3B5D2136C7CD6A5CF5A59 /* Build configuration list for PBXNativeTarget "meshmagick" */ = {
			isa = XCConfigurationList;
			buildConfigurations = (
				77418F46922677BB04ED38DD /* Debug */,
				6666AA5E688052234F6758D8 /* Release */,
			);
			defaultConfigurationIsVisible = 0;
			defaultConfigurationName = Release;
		};
		DAC4C1AA5EDEA1C85E9CA5E6 /* Build configuration list for PBXProject "meshmagick" */ = {
			isa = XCConfigurationList;
			buildConfigurations = (
				3AA6C32AC930069E80220CF1 /* Debug */,
				339EE1B2CC4FC24589A0EA95 /* Release */,
			);
			defaultConfigurationIsVisible = 0;
			defaultConfigurationName = Release;
		};
/* End XCConfigurationList section */
	};
	rootObject = 6DB9C3763D02B1415CD9D565 /* Project object */;
}
